// !$*UTF8*$!
{
	archiveVersion = 1;
	classes = {
	};
	objectVersion = 56;
	objects = {

/* Begin PBXBuildFile section */
		A101257A2A573D35005C1E12 /* info.plist in Resources */ = {isa = PBXBuildFile; fileRef = A10125792A573D35005C1E12 /* info.plist */; };
		A14D699A2A54B2AB00D67BFC /* CalibrationDelegate.swift in Sources */ = {isa = PBXBuildFile; fileRef = A14D69992A54B2AB00D67BFC /* CalibrationDelegate.swift */; };
		A16CE4ED2A5485B6006C75EF /* GestureRecognitionDelegate.swift in Sources */ = {isa = PBXBuildFile; fileRef = A16CE4EC2A5485B6006C75EF /* GestureRecognitionDelegate.swift */; };
		A17483152A51016F00978F0A /* ContentView.swift in Sources */ = {isa = PBXBuildFile; fileRef = A17483142A51016F00978F0A /* ContentView.swift */; };
		A17483172A51017100978F0A /* Assets.xcassets in Resources */ = {isa = PBXBuildFile; fileRef = A17483162A51017100978F0A /* Assets.xcassets */; };
		A174831A2A51017100978F0A /* Preview Assets.xcassets in Resources */ = {isa = PBXBuildFile; fileRef = A17483192A51017100978F0A /* Preview Assets.xcassets */; };
		A184CE242A521B4D008FAEC3 /* GestureRecognition.swift in Sources */ = {isa = PBXBuildFile; fileRef = A184CE232A521B4D008FAEC3 /* GestureRecognition.swift */; };
		A184CE262A521B91008FAEC3 /* Language.swift in Sources */ = {isa = PBXBuildFile; fileRef = A184CE252A521B91008FAEC3 /* Language.swift */; };
		A184CE2A2A521BCC008FAEC3 /* DynamicCalibrationView.swift in Sources */ = {isa = PBXBuildFile; fileRef = A184CE292A521BCC008FAEC3 /* DynamicCalibrationView.swift */; };
		A184CE2C2A521BEE008FAEC3 /* CalibrationResult.swift in Sources */ = {isa = PBXBuildFile; fileRef = A184CE2B2A521BEE008FAEC3 /* CalibrationResult.swift */; };
		A184CE302A521DE5008FAEC3 /* GazeDetection.swift in Sources */ = {isa = PBXBuildFile; fileRef = A184CE2F2A521DE5008FAEC3 /* GazeDetection.swift */; };
		A184CE322A521E7A008FAEC3 /* EyeTracker.swift in Sources */ = {isa = PBXBuildFile; fileRef = A184CE312A521E7A008FAEC3 /* EyeTracker.swift */; };
		A184CE362A522033008FAEC3 /* DynamicCalibration.swift in Sources */ = {isa = PBXBuildFile; fileRef = A184CE352A522033008FAEC3 /* DynamicCalibration.swift */; };
		A184CE382A5221E9008FAEC3 /* Settings.swift in Sources */ = {isa = PBXBuildFile; fileRef = A184CE372A5221E9008FAEC3 /* Settings.swift */; };
		A184CE3A2A52221A008FAEC3 /* SwipeToTypeController.swift in Sources */ = {isa = PBXBuildFile; fileRef = A184CE392A52221A008FAEC3 /* SwipeToTypeController.swift */; };
		A184CE3C2A5226C6008FAEC3 /* BlinkGestureHandler.swift in Sources */ = {isa = PBXBuildFile; fileRef = A184CE3B2A5226C6008FAEC3 /* BlinkGestureHandler.swift */; };
		A184CE3E2A5226DF008FAEC3 /* BlinkGestureHandlerDelegate.swift in Sources */ = {isa = PBXBuildFile; fileRef = A184CE3D2A5226DF008FAEC3 /* BlinkGestureHandlerDelegate.swift */; };
		A184CE402A52276B008FAEC3 /* DependencyInjection.swift in Sources */ = {isa = PBXBuildFile; fileRef = A184CE3F2A52276B008FAEC3 /* DependencyInjection.swift */; };
		A184CE442A5227E0008FAEC3 /* DynamicCalibrationModel.swift in Sources */ = {isa = PBXBuildFile; fileRef = A184CE432A5227E0008FAEC3 /* DynamicCalibrationModel.swift */; };
		A184CE462A522803008FAEC3 /* EyeGazeViewController.swift in Sources */ = {isa = PBXBuildFile; fileRef = A184CE452A522803008FAEC3 /* EyeGazeViewController.swift */; };
		A184CE482A52284B008FAEC3 /* EyeTrackingController.swift in Sources */ = {isa = PBXBuildFile; fileRef = A184CE472A52284B008FAEC3 /* EyeTrackingController.swift */; };
		A184CE4A2A52289C008FAEC3 /* Key.swift in Sources */ = {isa = PBXBuildFile; fileRef = A184CE492A52289C008FAEC3 /* Key.swift */; };
		A184CE4C2A52293B008FAEC3 /* KeyboardInteraction.swift in Sources */ = {isa = PBXBuildFile; fileRef = A184CE4B2A52293B008FAEC3 /* KeyboardInteraction.swift */; };
		A184CE4E2A52299A008FAEC3 /* KeyboardLayoutStyle.swift in Sources */ = {isa = PBXBuildFile; fileRef = A184CE4D2A52299A008FAEC3 /* KeyboardLayoutStyle.swift */; };
		A184CE502A5229F5008FAEC3 /* KeyboardViewModel.swift in Sources */ = {isa = PBXBuildFile; fileRef = A184CE4F2A5229F5008FAEC3 /* KeyboardViewModel.swift */; };
		A184CE542A522AC2008FAEC3 /* PredictiveTextView.swift in Sources */ = {isa = PBXBuildFile; fileRef = A184CE532A522AC2008FAEC3 /* PredictiveTextView.swift */; };
		A184CE562A522AFD008FAEC3 /* SceneDelegate.swift in Sources */ = {isa = PBXBuildFile; fileRef = A184CE552A522AFD008FAEC3 /* SceneDelegate.swift */; };
		A184CE582A522B53008FAEC3 /* TextEntry.swift in Sources */ = {isa = PBXBuildFile; fileRef = A184CE572A522B53008FAEC3 /* TextEntry.swift */; };
		A184CE5C2A52588D008FAEC3 /* KeyboardLayout.swift in Sources */ = {isa = PBXBuildFile; fileRef = A184CE5B2A52588D008FAEC3 /* KeyboardLayout.swift */; };
		A184CE612A5258C0008FAEC3 /* libswiftUIKit.tbd in Frameworks */ = {isa = PBXBuildFile; fileRef = A184CE5F2A5258C0008FAEC3 /* libswiftUIKit.tbd */; };
		A184CE6B2A5258DD008FAEC3 /* libswiftCoreFoundation.tbd in Frameworks */ = {isa = PBXBuildFile; fileRef = A184CE652A5258DC008FAEC3 /* libswiftCoreFoundation.tbd */; };
		A184CE6C2A5258DD008FAEC3 /* libswiftFoundation.tbd in Frameworks */ = {isa = PBXBuildFile; fileRef = A184CE662A5258DC008FAEC3 /* libswiftFoundation.tbd */; };
		A184CE6D2A5258DD008FAEC3 /* libswiftSystem_Foundation.tbd in Frameworks */ = {isa = PBXBuildFile; fileRef = A184CE672A5258DC008FAEC3 /* libswiftSystem_Foundation.tbd */; };
		A184CE6E2A5258DD008FAEC3 /* libswiftExtensionFoundation.tbd in Frameworks */ = {isa = PBXBuildFile; fileRef = A184CE682A5258DC008FAEC3 /* libswiftExtensionFoundation.tbd */; };
		A184CE6F2A5258DD008FAEC3 /* libswiftAVFoundation.tbd in Frameworks */ = {isa = PBXBuildFile; fileRef = A184CE692A5258DC008FAEC3 /* libswiftAVFoundation.tbd */; };
		A1AB86162A5B6B0E0084F93C /* TextEntryView.swift in Sources */ = {isa = PBXBuildFile; fileRef = A1AB86152A5B6B0E0084F93C /* TextEntryView.swift */; };
		A1AB86182A5B6B4B0084F93C /* TextEntryViewModel.swift in Sources */ = {isa = PBXBuildFile; fileRef = A1AB86172A5B6B4B0084F93C /* TextEntryViewModel.swift */; };
		A1AB861A2A5B6B8E0084F93C /* PredictiveTextServerice.swift in Sources */ = {isa = PBXBuildFile; fileRef = A1AB86192A5B6B8E0084F93C /* PredictiveTextServerice.swift */; };
		A1AB861C2A5B6C140084F93C /* TextEntryService.swift in Sources */ = {isa = PBXBuildFile; fileRef = A1AB861B2A5B6C140084F93C /* TextEntryService.swift */; };
		A1AB861E2A5B6C4B0084F93C /* PredictiveTextViewModel.swift in Sources */ = {isa = PBXBuildFile; fileRef = A1AB861D2A5B6C4B0084F93C /* PredictiveTextViewModel.swift */; };
		A1AB86202A5B6C9C0084F93C /* AppState.swift in Sources */ = {isa = PBXBuildFile; fileRef = A1AB861F2A5B6C9C0084F93C /* AppState.swift */; };
		A1C70CD52A5CAB1900D8F9E3 /* KeyboardViewDelegateWrapper.swift in Sources */ = {isa = PBXBuildFile; fileRef = A1C70CD42A5CAB1900D8F9E3 /* KeyboardViewDelegateWrapper.swift */; };
		A1EC50112A536FB1000E900B /* KeyboardViewDelegate.swift in Sources */ = {isa = PBXBuildFile; fileRef = A1EC50102A536FB1000E900B /* KeyboardViewDelegate.swift */; };
		A1EC501B2A53734F000E900B /* EyeState.swift in Sources */ = {isa = PBXBuildFile; fileRef = A1EC501A2A53734F000E900B /* EyeState.swift */; };
		A1EC501D2A53739B000E900B /* EyeTrackerDelegate.swift in Sources */ = {isa = PBXBuildFile; fileRef = A1EC501C2A53739B000E900B /* EyeTrackerDelegate.swift */; };
		A1EC501F2A5373D6000E900B /* KeyboardInteractionDelegate.swift in Sources */ = {isa = PBXBuildFile; fileRef = A1EC501E2A5373D6000E900B /* KeyboardInteractionDelegate.swift */; };
		A1EC50212A537463000E900B /* Keyboard.xib in Resources */ = {isa = PBXBuildFile; fileRef = A1EC50202A537463000E900B /* Keyboard.xib */; };
		A1EC50372A537815000E900B /* CalibrationProgressView.swift in Sources */ = {isa = PBXBuildFile; fileRef = A1EC50362A537815000E900B /* CalibrationProgressView.swift */; };
		A1ED01472A565DA0008B32C9 /* ARKit.framework in Frameworks */ = {isa = PBXBuildFile; fileRef = A184CE622A5258C9008FAEC3 /* ARKit.framework */; };
		A1ED014A2A565DA2008B32C9 /* Foundation.framework in Frameworks */ = {isa = PBXBuildFile; fileRef = A184CE642A5258DC008FAEC3 /* Foundation.framework */; };
		A1ED014C2A565DA3008B32C9 /* UIKit.framework in Frameworks */ = {isa = PBXBuildFile; fileRef = A184CE5E2A5258C0008FAEC3 /* UIKit.framework */; };
		A1ED014E2A565DA5008B32C9 /* XCTest.framework in Frameworks */ = {isa = PBXBuildFile; fileRef = A16CE4E62A546E6E006C75EF /* XCTest.framework */; };
		A1F69E9F2A511B1600480362 /* AppDelegate.swift in Sources */ = {isa = PBXBuildFile; fileRef = A1F69E9E2A511B1600480362 /* AppDelegate.swift */; };
		A1F69EA12A511D4100480362 /* KeyboardView.swift in Sources */ = {isa = PBXBuildFile; fileRef = A1F69EA02A511D4100480362 /* KeyboardView.swift */; };
		A1F69EA32A511D7700480362 /* Keyboard.swift in Sources */ = {isa = PBXBuildFile; fileRef = A1F69EA22A511D7700480362 /* Keyboard.swift */; };
		A1F69EA72A520CD000480362 /* WordSuggestionDelegate.swift in Sources */ = {isa = PBXBuildFile; fileRef = A1F69EA42A520CCF00480362 /* WordSuggestionDelegate.swift */; };
		A1F69EA82A520CD000480362 /* GazeDetectionDelegate.swift in Sources */ = {isa = PBXBuildFile; fileRef = A1F69EA52A520CCF00480362 /* GazeDetectionDelegate.swift */; };
		A1F69EAB2A520DA500480362 /* WordSuggestion.swift in Sources */ = {isa = PBXBuildFile; fileRef = A1F69EAA2A520DA500480362 /* WordSuggestion.swift */; };
		A1F69EAD2A520DEF00480362 /* KeyboardKey.swift in Sources */ = {isa = PBXBuildFile; fileRef = A1F69EAC2A520DEF00480362 /* KeyboardKey.swift */; };
		A1F69EAF2A520FB700480362 /* KeyboardViewController.swift in Sources */ = {isa = PBXBuildFile; fileRef = A1F69EAE2A520FB700480362 /* KeyboardViewController.swift */; };
/* End PBXBuildFile section */

/* Begin PBXFileReference section */
		A10125792A573D35005C1E12 /* info.plist */ = {isa = PBXFileReference; lastKnownFileType = text.plist.xml; path = info.plist; sourceTree = "<group>"; };
		A14D69992A54B2AB00D67BFC /* CalibrationDelegate.swift */ = {isa = PBXFileReference; lastKnownFileType = sourcecode.swift; path = CalibrationDelegate.swift; sourceTree = "<group>"; };
		A16CE4E62A546E6E006C75EF /* XCTest.framework */ = {isa = PBXFileReference; lastKnownFileType = wrapper.framework; name = XCTest.framework; path = Platforms/iPhoneOS.platform/Developer/Library/Frameworks/XCTest.framework; sourceTree = DEVELOPER_DIR; };
		A16CE4EC2A5485B6006C75EF /* GestureRecognitionDelegate.swift */ = {isa = PBXFileReference; lastKnownFileType = sourcecode.swift; path = GestureRecognitionDelegate.swift; sourceTree = "<group>"; };
		A174830F2A51016F00978F0A /* Pheonix.app */ = {isa = PBXFileReference; explicitFileType = wrapper.application; includeInIndex = 0; path = Pheonix.app; sourceTree = BUILT_PRODUCTS_DIR; };
		A17483142A51016F00978F0A /* ContentView.swift */ = {isa = PBXFileReference; lastKnownFileType = sourcecode.swift; path = ContentView.swift; sourceTree = "<group>"; };
		A17483162A51017100978F0A /* Assets.xcassets */ = {isa = PBXFileReference; lastKnownFileType = folder.assetcatalog; path = Assets.xcassets; sourceTree = "<group>"; };
		A17483192A51017100978F0A /* Preview Assets.xcassets */ = {isa = PBXFileReference; lastKnownFileType = folder.assetcatalog; path = "Preview Assets.xcassets"; sourceTree = "<group>"; };
		A184CE232A521B4D008FAEC3 /* GestureRecognition.swift */ = {isa = PBXFileReference; lastKnownFileType = sourcecode.swift; path = GestureRecognition.swift; sourceTree = "<group>"; };
		A184CE252A521B91008FAEC3 /* Language.swift */ = {isa = PBXFileReference; fileEncoding = 4; lastKnownFileType = sourcecode.swift; path = Language.swift; sourceTree = "<group>"; };
		A184CE292A521BCC008FAEC3 /* DynamicCalibrationView.swift */ = {isa = PBXFileReference; fileEncoding = 4; lastKnownFileType = sourcecode.swift; path = DynamicCalibrationView.swift; sourceTree = "<group>"; };
		A184CE2B2A521BEE008FAEC3 /* CalibrationResult.swift */ = {isa = PBXFileReference; lastKnownFileType = sourcecode.swift; path = CalibrationResult.swift; sourceTree = "<group>"; };
		A184CE2F2A521DE5008FAEC3 /* GazeDetection.swift */ = {isa = PBXFileReference; lastKnownFileType = sourcecode.swift; path = GazeDetection.swift; sourceTree = "<group>"; };
		A184CE312A521E7A008FAEC3 /* EyeTracker.swift */ = {isa = PBXFileReference; lastKnownFileType = sourcecode.swift; path = EyeTracker.swift; sourceTree = "<group>"; };
		A184CE352A522033008FAEC3 /* DynamicCalibration.swift */ = {isa = PBXFileReference; lastKnownFileType = sourcecode.swift; path = DynamicCalibration.swift; sourceTree = "<group>"; };
		A184CE372A5221E9008FAEC3 /* Settings.swift */ = {isa = PBXFileReference; lastKnownFileType = sourcecode.swift; path = Settings.swift; sourceTree = "<group>"; };
		A184CE392A52221A008FAEC3 /* SwipeToTypeController.swift */ = {isa = PBXFileReference; lastKnownFileType = sourcecode.swift; path = SwipeToTypeController.swift; sourceTree = "<group>"; };
		A184CE3B2A5226C6008FAEC3 /* BlinkGestureHandler.swift */ = {isa = PBXFileReference; lastKnownFileType = sourcecode.swift; path = BlinkGestureHandler.swift; sourceTree = "<group>"; };
		A184CE3D2A5226DF008FAEC3 /* BlinkGestureHandlerDelegate.swift */ = {isa = PBXFileReference; lastKnownFileType = sourcecode.swift; path = BlinkGestureHandlerDelegate.swift; sourceTree = "<group>"; };
		A184CE3F2A52276B008FAEC3 /* DependencyInjection.swift */ = {isa = PBXFileReference; lastKnownFileType = sourcecode.swift; path = DependencyInjection.swift; sourceTree = "<group>"; };
		A184CE432A5227E0008FAEC3 /* DynamicCalibrationModel.swift */ = {isa = PBXFileReference; lastKnownFileType = sourcecode.swift; path = DynamicCalibrationModel.swift; sourceTree = "<group>"; };
		A184CE452A522803008FAEC3 /* EyeGazeViewController.swift */ = {isa = PBXFileReference; lastKnownFileType = sourcecode.swift; path = EyeGazeViewController.swift; sourceTree = "<group>"; };
		A184CE472A52284B008FAEC3 /* EyeTrackingController.swift */ = {isa = PBXFileReference; lastKnownFileType = sourcecode.swift; path = EyeTrackingController.swift; sourceTree = "<group>"; };
		A184CE492A52289C008FAEC3 /* Key.swift */ = {isa = PBXFileReference; lastKnownFileType = sourcecode.swift; path = Key.swift; sourceTree = "<group>"; };
		A184CE4B2A52293B008FAEC3 /* KeyboardInteraction.swift */ = {isa = PBXFileReference; lastKnownFileType = sourcecode.swift; path = KeyboardInteraction.swift; sourceTree = "<group>"; };
		A184CE4D2A52299A008FAEC3 /* KeyboardLayoutStyle.swift */ = {isa = PBXFileReference; lastKnownFileType = sourcecode.swift; path = KeyboardLayoutStyle.swift; sourceTree = "<group>"; };
		A184CE4F2A5229F5008FAEC3 /* KeyboardViewModel.swift */ = {isa = PBXFileReference; lastKnownFileType = sourcecode.swift; path = KeyboardViewModel.swift; sourceTree = "<group>"; };
		A184CE532A522AC2008FAEC3 /* PredictiveTextView.swift */ = {isa = PBXFileReference; lastKnownFileType = sourcecode.swift; path = PredictiveTextView.swift; sourceTree = "<group>"; };
		A184CE552A522AFD008FAEC3 /* SceneDelegate.swift */ = {isa = PBXFileReference; lastKnownFileType = sourcecode.swift; path = SceneDelegate.swift; sourceTree = "<group>"; };
		A184CE572A522B53008FAEC3 /* TextEntry.swift */ = {isa = PBXFileReference; lastKnownFileType = sourcecode.swift; path = TextEntry.swift; sourceTree = "<group>"; };
		A184CE5B2A52588D008FAEC3 /* KeyboardLayout.swift */ = {isa = PBXFileReference; lastKnownFileType = sourcecode.swift; path = KeyboardLayout.swift; sourceTree = "<group>"; };
		A184CE5E2A5258C0008FAEC3 /* UIKit.framework */ = {isa = PBXFileReference; lastKnownFileType = wrapper.framework; name = UIKit.framework; path = System/Library/Frameworks/UIKit.framework; sourceTree = SDKROOT; };
		A184CE5F2A5258C0008FAEC3 /* libswiftUIKit.tbd */ = {isa = PBXFileReference; lastKnownFileType = "sourcecode.text-based-dylib-definition"; name = libswiftUIKit.tbd; path = usr/lib/swift/libswiftUIKit.tbd; sourceTree = SDKROOT; };
		A184CE622A5258C9008FAEC3 /* ARKit.framework */ = {isa = PBXFileReference; lastKnownFileType = wrapper.framework; name = ARKit.framework; path = System/Library/Frameworks/ARKit.framework; sourceTree = SDKROOT; };
		A184CE642A5258DC008FAEC3 /* Foundation.framework */ = {isa = PBXFileReference; lastKnownFileType = wrapper.framework; name = Foundation.framework; path = System/Library/Frameworks/Foundation.framework; sourceTree = SDKROOT; };
		A184CE652A5258DC008FAEC3 /* libswiftCoreFoundation.tbd */ = {isa = PBXFileReference; lastKnownFileType = "sourcecode.text-based-dylib-definition"; name = libswiftCoreFoundation.tbd; path = usr/lib/swift/libswiftCoreFoundation.tbd; sourceTree = SDKROOT; };
		A184CE662A5258DC008FAEC3 /* libswiftFoundation.tbd */ = {isa = PBXFileReference; lastKnownFileType = "sourcecode.text-based-dylib-definition"; name = libswiftFoundation.tbd; path = usr/lib/swift/libswiftFoundation.tbd; sourceTree = SDKROOT; };
		A184CE672A5258DC008FAEC3 /* libswiftSystem_Foundation.tbd */ = {isa = PBXFileReference; lastKnownFileType = "sourcecode.text-based-dylib-definition"; name = libswiftSystem_Foundation.tbd; path = usr/lib/swift/libswiftSystem_Foundation.tbd; sourceTree = SDKROOT; };
		A184CE682A5258DC008FAEC3 /* libswiftExtensionFoundation.tbd */ = {isa = PBXFileReference; lastKnownFileType = "sourcecode.text-based-dylib-definition"; name = libswiftExtensionFoundation.tbd; path = usr/lib/swift/libswiftExtensionFoundation.tbd; sourceTree = SDKROOT; };
		A184CE692A5258DC008FAEC3 /* libswiftAVFoundation.tbd */ = {isa = PBXFileReference; lastKnownFileType = "sourcecode.text-based-dylib-definition"; name = libswiftAVFoundation.tbd; path = usr/lib/swift/libswiftAVFoundation.tbd; sourceTree = SDKROOT; };
		A1AB86152A5B6B0E0084F93C /* TextEntryView.swift */ = {isa = PBXFileReference; lastKnownFileType = sourcecode.swift; path = TextEntryView.swift; sourceTree = "<group>"; };
		A1AB86172A5B6B4B0084F93C /* TextEntryViewModel.swift */ = {isa = PBXFileReference; lastKnownFileType = sourcecode.swift; path = TextEntryViewModel.swift; sourceTree = "<group>"; };
		A1AB86192A5B6B8E0084F93C /* PredictiveTextServerice.swift */ = {isa = PBXFileReference; lastKnownFileType = sourcecode.swift; path = PredictiveTextServerice.swift; sourceTree = "<group>"; };
		A1AB861B2A5B6C140084F93C /* TextEntryService.swift */ = {isa = PBXFileReference; lastKnownFileType = sourcecode.swift; path = TextEntryService.swift; sourceTree = "<group>"; };
		A1AB861D2A5B6C4B0084F93C /* PredictiveTextViewModel.swift */ = {isa = PBXFileReference; lastKnownFileType = sourcecode.swift; path = PredictiveTextViewModel.swift; sourceTree = "<group>"; };
		A1AB861F2A5B6C9C0084F93C /* AppState.swift */ = {isa = PBXFileReference; lastKnownFileType = sourcecode.swift; path = AppState.swift; sourceTree = "<group>"; };
		A1C70CD42A5CAB1900D8F9E3 /* KeyboardViewDelegateWrapper.swift */ = {isa = PBXFileReference; lastKnownFileType = sourcecode.swift; path = KeyboardViewDelegateWrapper.swift; sourceTree = "<group>"; };
		A1EC50102A536FB1000E900B /* KeyboardViewDelegate.swift */ = {isa = PBXFileReference; lastKnownFileType = sourcecode.swift; path = KeyboardViewDelegate.swift; sourceTree = "<group>"; };
		A1EC501A2A53734F000E900B /* EyeState.swift */ = {isa = PBXFileReference; lastKnownFileType = sourcecode.swift; path = EyeState.swift; sourceTree = "<group>"; };
		A1EC501C2A53739B000E900B /* EyeTrackerDelegate.swift */ = {isa = PBXFileReference; lastKnownFileType = sourcecode.swift; path = EyeTrackerDelegate.swift; sourceTree = "<group>"; };
		A1EC501E2A5373D6000E900B /* KeyboardInteractionDelegate.swift */ = {isa = PBXFileReference; lastKnownFileType = sourcecode.swift; path = KeyboardInteractionDelegate.swift; sourceTree = "<group>"; };
		A1EC50202A537463000E900B /* Keyboard.xib */ = {isa = PBXFileReference; lastKnownFileType = file.xib; path = Keyboard.xib; sourceTree = "<group>"; };
		A1EC50362A537815000E900B /* CalibrationProgressView.swift */ = {isa = PBXFileReference; lastKnownFileType = sourcecode.swift; path = CalibrationProgressView.swift; sourceTree = "<group>"; };
		A1F69E9E2A511B1600480362 /* AppDelegate.swift */ = {isa = PBXFileReference; fileEncoding = 4; lastKnownFileType = sourcecode.swift; path = AppDelegate.swift; sourceTree = "<group>"; };
		A1F69EA02A511D4100480362 /* KeyboardView.swift */ = {isa = PBXFileReference; fileEncoding = 4; lastKnownFileType = sourcecode.swift; path = KeyboardView.swift; sourceTree = "<group>"; };
		A1F69EA22A511D7700480362 /* Keyboard.swift */ = {isa = PBXFileReference; fileEncoding = 4; lastKnownFileType = sourcecode.swift; path = Keyboard.swift; sourceTree = "<group>"; };
		A1F69EA42A520CCF00480362 /* WordSuggestionDelegate.swift */ = {isa = PBXFileReference; fileEncoding = 4; lastKnownFileType = sourcecode.swift; path = WordSuggestionDelegate.swift; sourceTree = "<group>"; };
		A1F69EA52A520CCF00480362 /* GazeDetectionDelegate.swift */ = {isa = PBXFileReference; fileEncoding = 4; lastKnownFileType = sourcecode.swift; path = GazeDetectionDelegate.swift; sourceTree = "<group>"; };
		A1F69EAA2A520DA500480362 /* WordSuggestion.swift */ = {isa = PBXFileReference; fileEncoding = 4; lastKnownFileType = sourcecode.swift; path = WordSuggestion.swift; sourceTree = "<group>"; };
		A1F69EAC2A520DEF00480362 /* KeyboardKey.swift */ = {isa = PBXFileReference; fileEncoding = 4; lastKnownFileType = sourcecode.swift; path = KeyboardKey.swift; sourceTree = "<group>"; };
		A1F69EAE2A520FB700480362 /* KeyboardViewController.swift */ = {isa = PBXFileReference; fileEncoding = 4; lastKnownFileType = sourcecode.swift; path = KeyboardViewController.swift; sourceTree = "<group>"; };
/* End PBXFileReference section */

/* Begin PBXFrameworksBuildPhase section */
		A174830C2A51016F00978F0A /* Frameworks */ = {
			isa = PBXFrameworksBuildPhase;
			buildActionMask = 2147483647;
			files = (
				A184CE6B2A5258DD008FAEC3 /* libswiftCoreFoundation.tbd in Frameworks */,
				A184CE6C2A5258DD008FAEC3 /* libswiftFoundation.tbd in Frameworks */,
				A184CE6D2A5258DD008FAEC3 /* libswiftSystem_Foundation.tbd in Frameworks */,
				A184CE6E2A5258DD008FAEC3 /* libswiftExtensionFoundation.tbd in Frameworks */,
				A1ED014A2A565DA2008B32C9 /* Foundation.framework in Frameworks */,
				A184CE6F2A5258DD008FAEC3 /* libswiftAVFoundation.tbd in Frameworks */,
				A1ED01472A565DA0008B32C9 /* ARKit.framework in Frameworks */,
				A1ED014E2A565DA5008B32C9 /* XCTest.framework in Frameworks */,
				A184CE612A5258C0008FAEC3 /* libswiftUIKit.tbd in Frameworks */,
				A1ED014C2A565DA3008B32C9 /* UIKit.framework in Frameworks */,
			);
			runOnlyForDeploymentPostprocessing = 0;
		};
/* End PBXFrameworksBuildPhase section */

/* Begin PBXGroup section */
		A16CE4E82A546FFD006C75EF /* Delegates */ = {
			isa = PBXGroup;
			children = (
				A1EC50102A536FB1000E900B /* KeyboardViewDelegate.swift */,
				A184CE3D2A5226DF008FAEC3 /* BlinkGestureHandlerDelegate.swift */,
				A1EC501C2A53739B000E900B /* EyeTrackerDelegate.swift */,
				A1F69EA52A520CCF00480362 /* GazeDetectionDelegate.swift */,
				A1EC501E2A5373D6000E900B /* KeyboardInteractionDelegate.swift */,
				A1F69EA42A520CCF00480362 /* WordSuggestionDelegate.swift */,
				A184CE552A522AFD008FAEC3 /* SceneDelegate.swift */,
				A16CE4EC2A5485B6006C75EF /* GestureRecognitionDelegate.swift */,
				A14D69992A54B2AB00D67BFC /* CalibrationDelegate.swift */,
				A1C70CD42A5CAB1900D8F9E3 /* KeyboardViewDelegateWrapper.swift */,
			);
			path = Delegates;
			sourceTree = "<group>";
		};
		A17483062A51016F00978F0A = {
			isa = PBXGroup;
			children = (
				A17483112A51016F00978F0A /* Pheonix */,
				A17483102A51016F00978F0A /* Products */,
				A184CE5D2A5258BF008FAEC3 /* Frameworks */,
			);
			sourceTree = "<group>";
		};
		A17483102A51016F00978F0A /* Products */ = {
			isa = PBXGroup;
			children = (
				A174830F2A51016F00978F0A /* Pheonix.app */,
			);
			name = Products;
			sourceTree = "<group>";
		};
		A17483112A51016F00978F0A /* Pheonix */ = {
			isa = PBXGroup;
			children = (
				A16CE4E82A546FFD006C75EF /* Delegates */,
				A1F69EA22A511D7700480362 /* Keyboard.swift */,
				A1EC50172A53728E000E900B /* Resources */,
				A1EC50162A537284000E900B /* Supporting Files */,
				A1EC50152A537279000E900B /* Views */,
				A1EC50142A53726B000E900B /* Services */,
				A1EC50132A537254000E900B /* Models */,
				A1EC50122A537245000E900B /* Controllers */,
				A17483182A51017100978F0A /* Preview Content */,
				A10125792A573D35005C1E12 /* info.plist */,
			);
			path = Pheonix;
			sourceTree = "<group>";
		};
		A17483182A51017100978F0A /* Preview Content */ = {
			isa = PBXGroup;
			children = (
				A17483192A51017100978F0A /* Preview Assets.xcassets */,
			);
			path = "Preview Content";
			sourceTree = "<group>";
		};
		A184CE5D2A5258BF008FAEC3 /* Frameworks */ = {
			isa = PBXGroup;
			children = (
				A16CE4E62A546E6E006C75EF /* XCTest.framework */,
				A184CE642A5258DC008FAEC3 /* Foundation.framework */,
				A184CE692A5258DC008FAEC3 /* libswiftAVFoundation.tbd */,
				A184CE652A5258DC008FAEC3 /* libswiftCoreFoundation.tbd */,
				A184CE682A5258DC008FAEC3 /* libswiftExtensionFoundation.tbd */,
				A184CE662A5258DC008FAEC3 /* libswiftFoundation.tbd */,
				A184CE672A5258DC008FAEC3 /* libswiftSystem_Foundation.tbd */,
				A184CE622A5258C9008FAEC3 /* ARKit.framework */,
				A184CE5F2A5258C0008FAEC3 /* libswiftUIKit.tbd */,
				A184CE5E2A5258C0008FAEC3 /* UIKit.framework */,
			);
			name = Frameworks;
			sourceTree = "<group>";
		};
		A1EC50122A537245000E900B /* Controllers */ = {
			isa = PBXGroup;
			children = (
				A184CE472A52284B008FAEC3 /* EyeTrackingController.swift */,
				A184CE452A522803008FAEC3 /* EyeGazeViewController.swift */,
				A184CE392A52221A008FAEC3 /* SwipeToTypeController.swift */,
				A1F69E9E2A511B1600480362 /* AppDelegate.swift */,
				A1F69EAE2A520FB700480362 /* KeyboardViewController.swift */,
			);
			path = Controllers;
			sourceTree = "<group>";
		};
		A1EC50132A537254000E900B /* Models */ = {
			isa = PBXGroup;
			children = (
				A1F69EAC2A520DEF00480362 /* KeyboardKey.swift */,
				A184CE4F2A5229F5008FAEC3 /* KeyboardViewModel.swift */,
				A184CE5B2A52588D008FAEC3 /* KeyboardLayout.swift */,
				A184CE2B2A521BEE008FAEC3 /* CalibrationResult.swift */,
				A184CE432A5227E0008FAEC3 /* DynamicCalibrationModel.swift */,
				A1EC501A2A53734F000E900B /* EyeState.swift */,
				A184CE492A52289C008FAEC3 /* Key.swift */,
				A184CE4D2A52299A008FAEC3 /* KeyboardLayoutStyle.swift */,
				A184CE252A521B91008FAEC3 /* Language.swift */,
				A1AB86172A5B6B4B0084F93C /* TextEntryViewModel.swift */,
				A1AB861D2A5B6C4B0084F93C /* PredictiveTextViewModel.swift */,
				A1AB861F2A5B6C9C0084F93C /* AppState.swift */,
			);
			path = Models;
			sourceTree = "<group>";
		};
		A1EC50142A53726B000E900B /* Services */ = {
			isa = PBXGroup;
			children = (
				A184CE372A5221E9008FAEC3 /* Settings.swift */,
				A184CE3F2A52276B008FAEC3 /* DependencyInjection.swift */,
				A184CE352A522033008FAEC3 /* DynamicCalibration.swift */,
				A184CE312A521E7A008FAEC3 /* EyeTracker.swift */,
				A184CE2F2A521DE5008FAEC3 /* GazeDetection.swift */,
				A184CE232A521B4D008FAEC3 /* GestureRecognition.swift */,
				A184CE4B2A52293B008FAEC3 /* KeyboardInteraction.swift */,
				A184CE572A522B53008FAEC3 /* TextEntry.swift */,
				A1AB861B2A5B6C140084F93C /* TextEntryService.swift */,
				A1F69EAA2A520DA500480362 /* WordSuggestion.swift */,
				A184CE3B2A5226C6008FAEC3 /* BlinkGestureHandler.swift */,
				A1AB86192A5B6B8E0084F93C /* PredictiveTextServerice.swift */,
			);
			path = Services;
			sourceTree = "<group>";
		};
		A1EC50152A537279000E900B /* Views */ = {
			isa = PBXGroup;
			children = (
				A17483142A51016F00978F0A /* ContentView.swift */,
				A184CE292A521BCC008FAEC3 /* DynamicCalibrationView.swift */,
				A1F69EA02A511D4100480362 /* KeyboardView.swift */,
				A184CE532A522AC2008FAEC3 /* PredictiveTextView.swift */,
				A1EC50362A537815000E900B /* CalibrationProgressView.swift */,
				A1AB86152A5B6B0E0084F93C /* TextEntryView.swift */,
			);
			path = Views;
			sourceTree = "<group>";
		};
		A1EC50162A537284000E900B /* Supporting Files */ = {
			isa = PBXGroup;
			children = (
				A17483162A51017100978F0A /* Assets.xcassets */,
			);
			path = "Supporting Files";
			sourceTree = "<group>";
		};
		A1EC50172A53728E000E900B /* Resources */ = {
			isa = PBXGroup;
			children = (
				A1EC50202A537463000E900B /* Keyboard.xib */,
			);
			path = Resources;
			sourceTree = "<group>";
		};
/* End PBXGroup section */

/* Begin PBXNativeTarget section */
		A174830E2A51016F00978F0A /* Pheonix */ = {
			isa = PBXNativeTarget;
			buildConfigurationList = A174831D2A51017100978F0A /* Build configuration list for PBXNativeTarget "Pheonix" */;
			buildPhases = (
				A174830B2A51016F00978F0A /* Sources */,
				A174830C2A51016F00978F0A /* Frameworks */,
				A174830D2A51016F00978F0A /* Resources */,
			);
			buildRules = (
			);
			dependencies = (
			);
			name = Pheonix;
			productName = Pheonix;
			productReference = A174830F2A51016F00978F0A /* Pheonix.app */;
			productType = "com.apple.product-type.application";
		};
/* End PBXNativeTarget section */

/* Begin PBXProject section */
		A17483072A51016F00978F0A /* Project object */ = {
			isa = PBXProject;
			attributes = {
				BuildIndependentTargetsInParallel = 1;
				LastSwiftUpdateCheck = 1430;
				LastUpgradeCheck = 1430;
				TargetAttributes = {
					A174830E2A51016F00978F0A = {
						CreatedOnToolsVersion = 14.3.1;
					};
				};
			};
			buildConfigurationList = A174830A2A51016F00978F0A /* Build configuration list for PBXProject "Pheonix" */;
			compatibilityVersion = "Xcode 14.0";
			developmentRegion = en;
			hasScannedForEncodings = 0;
			knownRegions = (
				en,
				Base,
			);
			mainGroup = A17483062A51016F00978F0A;
			productRefGroup = A17483102A51016F00978F0A /* Products */;
			projectDirPath = "";
			projectRoot = "";
			targets = (
				A174830E2A51016F00978F0A /* Pheonix */,
			);
		};
/* End PBXProject section */

/* Begin PBXResourcesBuildPhase section */
		A174830D2A51016F00978F0A /* Resources */ = {
			isa = PBXResourcesBuildPhase;
			buildActionMask = 2147483647;
			files = (
				A101257A2A573D35005C1E12 /* info.plist in Resources */,
				A174831A2A51017100978F0A /* Preview Assets.xcassets in Resources */,
				A17483172A51017100978F0A /* Assets.xcassets in Resources */,
				A1EC50212A537463000E900B /* Keyboard.xib in Resources */,
			);
			runOnlyForDeploymentPostprocessing = 0;
		};
/* End PBXResourcesBuildPhase section */

/* Begin PBXSourcesBuildPhase section */
		A174830B2A51016F00978F0A /* Sources */ = {
			isa = PBXSourcesBuildPhase;
			buildActionMask = 2147483647;
			files = (
				A1AB86182A5B6B4B0084F93C /* TextEntryViewModel.swift in Sources */,
				A1EC50372A537815000E900B /* CalibrationProgressView.swift in Sources */,
				A1EC501F2A5373D6000E900B /* KeyboardInteractionDelegate.swift in Sources */,
				A1F69E9F2A511B1600480362 /* AppDelegate.swift in Sources */,
				A1F69EAF2A520FB700480362 /* KeyboardViewController.swift in Sources */,
				A184CE542A522AC2008FAEC3 /* PredictiveTextView.swift in Sources */,
				A1AB861A2A5B6B8E0084F93C /* PredictiveTextServerice.swift in Sources */,
				A1F69EA12A511D4100480362 /* KeyboardView.swift in Sources */,
				A1EC50112A536FB1000E900B /* KeyboardViewDelegate.swift in Sources */,
				A184CE302A521DE5008FAEC3 /* GazeDetection.swift in Sources */,
				A16CE4ED2A5485B6006C75EF /* GestureRecognitionDelegate.swift in Sources */,
				A184CE362A522033008FAEC3 /* DynamicCalibration.swift in Sources */,
				A184CE4C2A52293B008FAEC3 /* KeyboardInteraction.swift in Sources */,
				A184CE3C2A5226C6008FAEC3 /* BlinkGestureHandler.swift in Sources */,
				A184CE242A521B4D008FAEC3 /* GestureRecognition.swift in Sources */,
				A184CE3A2A52221A008FAEC3 /* SwipeToTypeController.swift in Sources */,
				A184CE382A5221E9008FAEC3 /* Settings.swift in Sources */,
				A1F69EA72A520CD000480362 /* WordSuggestionDelegate.swift in Sources */,
				A184CE502A5229F5008FAEC3 /* KeyboardViewModel.swift in Sources */,
				A184CE402A52276B008FAEC3 /* DependencyInjection.swift in Sources */,
				A1AB861E2A5B6C4B0084F93C /* PredictiveTextViewModel.swift in Sources */,
				A1AB86202A5B6C9C0084F93C /* AppState.swift in Sources */,
				A184CE4A2A52289C008FAEC3 /* Key.swift in Sources */,
				A184CE4E2A52299A008FAEC3 /* KeyboardLayoutStyle.swift in Sources */,
				A184CE462A522803008FAEC3 /* EyeGazeViewController.swift in Sources */,
				A1F69EAB2A520DA500480362 /* WordSuggestion.swift in Sources */,
				A184CE582A522B53008FAEC3 /* TextEntry.swift in Sources */,
				A14D699A2A54B2AB00D67BFC /* CalibrationDelegate.swift in Sources */,
				A184CE2C2A521BEE008FAEC3 /* CalibrationResult.swift in Sources */,
				A184CE442A5227E0008FAEC3 /* DynamicCalibrationModel.swift in Sources */,
				A1F69EA82A520CD000480362 /* GazeDetectionDelegate.swift in Sources */,
				A1AB86162A5B6B0E0084F93C /* TextEntryView.swift in Sources */,
				A184CE2A2A521BCC008FAEC3 /* DynamicCalibrationView.swift in Sources */,
				A184CE5C2A52588D008FAEC3 /* KeyboardLayout.swift in Sources */,
				A1EC501D2A53739B000E900B /* EyeTrackerDelegate.swift in Sources */,
				A184CE322A521E7A008FAEC3 /* EyeTracker.swift in Sources */,
				A1F69EA32A511D7700480362 /* Keyboard.swift in Sources */,
				A1EC501B2A53734F000E900B /* EyeState.swift in Sources */,
				A184CE482A52284B008FAEC3 /* EyeTrackingController.swift in Sources */,
				A1AB861C2A5B6C140084F93C /* TextEntryService.swift in Sources */,
				A17483152A51016F00978F0A /* ContentView.swift in Sources */,
				A184CE3E2A5226DF008FAEC3 /* BlinkGestureHandlerDelegate.swift in Sources */,
				A184CE562A522AFD008FAEC3 /* SceneDelegate.swift in Sources */,
				A184CE262A521B91008FAEC3 /* Language.swift in Sources */,
				A1F69EAD2A520DEF00480362 /* KeyboardKey.swift in Sources */,
				A1C70CD52A5CAB1900D8F9E3 /* KeyboardViewDelegateWrapper.swift in Sources */,
			);
			runOnlyForDeploymentPostprocessing = 0;
		};
/* End PBXSourcesBuildPhase section */

/* Begin XCBuildConfiguration section */
		A174831B2A51017100978F0A /* Debug */ = {
			isa = XCBuildConfiguration;
			buildSettings = {
				ALWAYS_SEARCH_USER_PATHS = NO;
				CLANG_ANALYZER_NONNULL = YES;
				CLANG_ANALYZER_NUMBER_OBJECT_CONVERSION = YES_AGGRESSIVE;
				CLANG_CXX_LANGUAGE_STANDARD = "gnu++20";
				CLANG_ENABLE_MODULES = YES;
				CLANG_ENABLE_OBJC_ARC = YES;
				CLANG_ENABLE_OBJC_WEAK = YES;
				CLANG_WARN_BLOCK_CAPTURE_AUTORELEASING = YES;
				CLANG_WARN_BOOL_CONVERSION = YES;
				CLANG_WARN_COMMA = YES;
				CLANG_WARN_CONSTANT_CONVERSION = YES;
				CLANG_WARN_DEPRECATED_OBJC_IMPLEMENTATIONS = YES;
				CLANG_WARN_DIRECT_OBJC_ISA_USAGE = YES_ERROR;
				CLANG_WARN_DOCUMENTATION_COMMENTS = YES;
				CLANG_WARN_EMPTY_BODY = YES;
				CLANG_WARN_ENUM_CONVERSION = YES;
				CLANG_WARN_INFINITE_RECURSION = YES;
				CLANG_WARN_INT_CONVERSION = YES;
				CLANG_WARN_NON_LITERAL_NULL_CONVERSION = YES;
				CLANG_WARN_OBJC_IMPLICIT_RETAIN_SELF = YES;
				CLANG_WARN_OBJC_LITERAL_CONVERSION = YES;
				CLANG_WARN_OBJC_ROOT_CLASS = YES_ERROR;
				CLANG_WARN_QUOTED_INCLUDE_IN_FRAMEWORK_HEADER = YES;
				CLANG_WARN_RANGE_LOOP_ANALYSIS = YES;
				CLANG_WARN_STRICT_PROTOTYPES = YES;
				CLANG_WARN_SUSPICIOUS_MOVE = YES;
				CLANG_WARN_UNGUARDED_AVAILABILITY = YES_AGGRESSIVE;
				CLANG_WARN_UNREACHABLE_CODE = YES;
				CLANG_WARN__DUPLICATE_METHOD_MATCH = YES;
				COPY_PHASE_STRIP = YES;
				DEBUG_INFORMATION_FORMAT = "dwarf-with-dsym";
				ENABLE_STRICT_OBJC_MSGSEND = YES;
				ENABLE_TESTABILITY = NO;
				GCC_C_LANGUAGE_STANDARD = gnu11;
				GCC_DYNAMIC_NO_PIC = NO;
				GCC_NO_COMMON_BLOCKS = YES;
				GCC_OPTIMIZATION_LEVEL = 0;
				GCC_PREPROCESSOR_DEFINITIONS = (
					"DEBUG=1",
					"$(inherited)",
				);
				GCC_WARN_64_TO_32_BIT_CONVERSION = YES;
				GCC_WARN_ABOUT_RETURN_TYPE = YES_ERROR;
				GCC_WARN_UNDECLARED_SELECTOR = YES;
				GCC_WARN_UNINITIALIZED_AUTOS = YES_AGGRESSIVE;
				GCC_WARN_UNUSED_FUNCTION = YES;
				GCC_WARN_UNUSED_VARIABLE = YES;
				GENERATE_INFOPLIST_FILE = NO;
				INFOPLIST_KEY_CFBundleDisplayName = Pheonix;
				INFOPLIST_KEY_LSApplicationCategoryType = "public.app-category.utilities";
				IPHONEOS_DEPLOYMENT_TARGET = 16.4;
				MTL_ENABLE_DEBUG_INFO = INCLUDE_SOURCE;
				MTL_FAST_MATH = YES;
				ONLY_ACTIVE_ARCH = NO;
				PRODUCT_BUNDLE_IDENTIFIER = "";
				SDKROOT = iphoneos;
				SWIFT_ACTIVE_COMPILATION_CONDITIONS = DEBUG;
				SWIFT_OPTIMIZATION_LEVEL = "-Onone";
			};
			name = Debug;
		};
		A174831C2A51017100978F0A /* Release */ = {
			isa = XCBuildConfiguration;
			buildSettings = {
				ALWAYS_SEARCH_USER_PATHS = NO;
				CLANG_ANALYZER_NONNULL = YES;
				CLANG_ANALYZER_NUMBER_OBJECT_CONVERSION = YES_AGGRESSIVE;
				CLANG_CXX_LANGUAGE_STANDARD = "gnu++20";
				CLANG_ENABLE_MODULES = YES;
				CLANG_ENABLE_OBJC_ARC = YES;
				CLANG_ENABLE_OBJC_WEAK = YES;
				CLANG_WARN_BLOCK_CAPTURE_AUTORELEASING = YES;
				CLANG_WARN_BOOL_CONVERSION = YES;
				CLANG_WARN_COMMA = YES;
				CLANG_WARN_CONSTANT_CONVERSION = YES;
				CLANG_WARN_DEPRECATED_OBJC_IMPLEMENTATIONS = YES;
				CLANG_WARN_DIRECT_OBJC_ISA_USAGE = YES_ERROR;
				CLANG_WARN_DOCUMENTATION_COMMENTS = YES;
				CLANG_WARN_EMPTY_BODY = YES;
				CLANG_WARN_ENUM_CONVERSION = YES;
				CLANG_WARN_INFINITE_RECURSION = YES;
				CLANG_WARN_INT_CONVERSION = YES;
				CLANG_WARN_NON_LITERAL_NULL_CONVERSION = YES;
				CLANG_WARN_OBJC_IMPLICIT_RETAIN_SELF = YES;
				CLANG_WARN_OBJC_LITERAL_CONVERSION = YES;
				CLANG_WARN_OBJC_ROOT_CLASS = YES_ERROR;
				CLANG_WARN_QUOTED_INCLUDE_IN_FRAMEWORK_HEADER = YES;
				CLANG_WARN_RANGE_LOOP_ANALYSIS = YES;
				CLANG_WARN_STRICT_PROTOTYPES = YES;
				CLANG_WARN_SUSPICIOUS_MOVE = YES;
				CLANG_WARN_UNGUARDED_AVAILABILITY = YES_AGGRESSIVE;
				CLANG_WARN_UNREACHABLE_CODE = YES;
				CLANG_WARN__DUPLICATE_METHOD_MATCH = YES;
				COPY_PHASE_STRIP = YES;
				DEBUG_INFORMATION_FORMAT = "dwarf-with-dsym";
				ENABLE_NS_ASSERTIONS = YES;
				ENABLE_STRICT_OBJC_MSGSEND = YES;
				GCC_C_LANGUAGE_STANDARD = gnu11;
				GCC_NO_COMMON_BLOCKS = YES;
				GCC_WARN_64_TO_32_BIT_CONVERSION = YES;
				GCC_WARN_ABOUT_RETURN_TYPE = YES_ERROR;
				GCC_WARN_UNDECLARED_SELECTOR = YES;
				GCC_WARN_UNINITIALIZED_AUTOS = YES_AGGRESSIVE;
				GCC_WARN_UNUSED_FUNCTION = YES;
				GCC_WARN_UNUSED_VARIABLE = YES;
				GENERATE_INFOPLIST_FILE = NO;
				INFOPLIST_KEY_CFBundleDisplayName = Pheonix;
				INFOPLIST_KEY_LSApplicationCategoryType = "public.app-category.utilities";
				IPHONEOS_DEPLOYMENT_TARGET = 16.4;
				MTL_ENABLE_DEBUG_INFO = NO;
				MTL_FAST_MATH = YES;
				PRODUCT_BUNDLE_IDENTIFIER = "";
				SDKROOT = iphoneos;
				SWIFT_COMPILATION_MODE = wholemodule;
				SWIFT_OPTIMIZATION_LEVEL = "-O";
				VALIDATE_PRODUCT = YES;
			};
			name = Release;
		};
		A174831E2A51017100978F0A /* Debug */ = {
			isa = XCBuildConfiguration;
			buildSettings = {
				ASSETCATALOG_COMPILER_APPICON_NAME = AppIcon;
				ASSETCATALOG_COMPILER_GLOBAL_ACCENT_COLOR_NAME = AccentColor;
				ASSETCATALOG_COMPILER_INCLUDE_ALL_APPICON_ASSETS = YES;
				BUILD_LIBRARY_FOR_DISTRIBUTION = YES;
				CODE_SIGN_STYLE = Automatic;
				COPYING_PRESERVES_HFS_DATA = NO;
				CREATE_INFOPLIST_SECTION_IN_BINARY = YES;
				CURRENT_PROJECT_VERSION = 1.0.1;
				DEVELOPMENT_ASSET_PATHS = "Pheonix/Preview\\ Content/Preview\\ Assets.xcassets Pheonix/Preview\\ Content";
				DEVELOPMENT_TEAM = 8CUXCK3FDP;
				DONT_GENERATE_INFOPLIST_FILE = NO;
				EMBED_ASSET_PACKS_IN_PRODUCT_BUNDLE = YES;
				ENABLE_PREVIEWS = YES;
				ENABLE_TESTABILITY = NO;
				GENERATE_INFOPLIST_FILE = NO;
				INFOPLIST_FILE = Pheonix/Info.plist;
				INFOPLIST_KEY_CFBundleDisplayName = Pheonix;
				INFOPLIST_KEY_LSApplicationCategoryType = "public.app-category.utilities";
				INFOPLIST_KEY_LSUIElement = YES;
				INFOPLIST_KEY_NSCameraUsageDescription = "Your app needs access to the camera for eye-tracking functionality.";
				INFOPLIST_KEY_NSSupportsLiveActivities = YES;
				INFOPLIST_KEY_UIApplicationSceneManifest_Generation = YES;
				INFOPLIST_KEY_UIApplicationSupportsIndirectInputEvents = YES;
				INFOPLIST_KEY_UILaunchScreen_Generation = YES;
				INFOPLIST_KEY_UILaunchStoryboardName = Keyboard.xib;
				INFOPLIST_KEY_UIMainStoryboardFile = Keyboard.swift;
				INFOPLIST_KEY_UIRequiredDeviceCapabilities = armv7;
				INFOPLIST_KEY_UISupportedInterfaceOrientations = UIInterfaceOrientationPortrait;
				INFOPLIST_KEY_UISupportedInterfaceOrientations_iPad = "UIInterfaceOrientationPortrait UIInterfaceOrientationPortraitUpsideDown UIInterfaceOrientationLandscapeLeft UIInterfaceOrientationLandscapeRight";
				INFOPLIST_KEY_UISupportedInterfaceOrientations_iPhone = "UIInterfaceOrientationPortrait UIInterfaceOrientationLandscapeLeft UIInterfaceOrientationLandscapeRight";
				INFOPLIST_KEY_WKRunsIndependentlyOfCompanionApp = NO;
				INFOPLIST_PREPROCESS = NO;
				LD_RUNPATH_SEARCH_PATHS = (
					"$(inherited)",
					"@executable_path/Frameworks",
				);
				LIBRARY_SEARCH_PATHS = (
					"$(inherited)",
					"$(SDKROOT)/usr/lib/swift",
				);
				MARKETING_VERSION = 1.1;
				PRODUCT_BUNDLE_IDENTIFIER = Cuptastrophe.Pheonix;
				PRODUCT_NAME = "$(TARGET_NAME)";
				SCAN_ALL_SOURCE_FILES_FOR_INCLUDES = NO;
				SWIFT_EMIT_LOC_STRINGS = YES;
				SWIFT_VERSION = 5.0;
				TARGETED_DEVICE_FAMILY = "1,2";
			};
			name = Debug;
		};
		A174831F2A51017100978F0A /* Release */ = {
			isa = XCBuildConfiguration;
			buildSettings = {
				ASSETCATALOG_COMPILER_APPICON_NAME = AppIcon;
				ASSETCATALOG_COMPILER_GLOBAL_ACCENT_COLOR_NAME = AccentColor;
				ASSETCATALOG_COMPILER_INCLUDE_ALL_APPICON_ASSETS = YES;
				BUILD_LIBRARY_FOR_DISTRIBUTION = YES;
				CODE_SIGN_STYLE = Automatic;
				COPYING_PRESERVES_HFS_DATA = NO;
				CREATE_INFOPLIST_SECTION_IN_BINARY = YES;
				CURRENT_PROJECT_VERSION = 1.0.1;
				DEVELOPMENT_ASSET_PATHS = "Pheonix/Preview\\ Content/Preview\\ Assets.xcassets Pheonix/Preview\\ Content";
				DEVELOPMENT_TEAM = 8CUXCK3FDP;
				DONT_GENERATE_INFOPLIST_FILE = NO;
				EMBED_ASSET_PACKS_IN_PRODUCT_BUNDLE = YES;
				ENABLE_PREVIEWS = YES;
				GENERATE_INFOPLIST_FILE = NO;
				INFOPLIST_FILE = Pheonix/Info.plist;
				INFOPLIST_KEY_CFBundleDisplayName = Pheonix;
				INFOPLIST_KEY_LSApplicationCategoryType = "public.app-category.utilities";
				INFOPLIST_KEY_LSUIElement = YES;
				INFOPLIST_KEY_NSCameraUsageDescription = "Your app needs access to the camera for eye-tracking functionality.";
				INFOPLIST_KEY_NSSupportsLiveActivities = YES;
				INFOPLIST_KEY_UIApplicationSceneManifest_Generation = YES;
				INFOPLIST_KEY_UIApplicationSupportsIndirectInputEvents = YES;
				INFOPLIST_KEY_UILaunchScreen_Generation = YES;
				INFOPLIST_KEY_UILaunchStoryboardName = Keyboard.xib;
				INFOPLIST_KEY_UIMainStoryboardFile = Keyboard.swift;
				INFOPLIST_KEY_UIRequiredDeviceCapabilities = armv7;
				INFOPLIST_KEY_UISupportedInterfaceOrientations = UIInterfaceOrientationPortrait;
				INFOPLIST_KEY_UISupportedInterfaceOrientations_iPad = "UIInterfaceOrientationPortrait UIInterfaceOrientationPortraitUpsideDown UIInterfaceOrientationLandscapeLeft UIInterfaceOrientationLandscapeRight";
				INFOPLIST_KEY_UISupportedInterfaceOrientations_iPhone = "UIInterfaceOrientationPortrait UIInterfaceOrientationLandscapeLeft UIInterfaceOrientationLandscapeRight";
				INFOPLIST_KEY_WKRunsIndependentlyOfCompanionApp = NO;
				INFOPLIST_PREPROCESS = NO;
				LD_RUNPATH_SEARCH_PATHS = (
					"$(inherited)",
					"@executable_path/Frameworks",
				);
				LIBRARY_SEARCH_PATHS = (
					"$(inherited)",
					"$(SDKROOT)/usr/lib/swift",
				);
				MARKETING_VERSION = 1.1;
				ONLY_ACTIVE_ARCH = YES;
				PRODUCT_BUNDLE_IDENTIFIER = Cuptastrophe.Pheonix;
				PRODUCT_NAME = "$(TARGET_NAME)";
				SCAN_ALL_SOURCE_FILES_FOR_INCLUDES = NO;
				SWIFT_EMIT_LOC_STRINGS = YES;
				SWIFT_VERSION = 5.0;
				TARGETED_DEVICE_FAMILY = "1,2";
			};
			name = Release;
		};
/* End XCBuildConfiguration section */

/* Begin XCConfigurationList section */
		A174830A2A51016F00978F0A /* Build configuration list for PBXProject "Pheonix" */ = {
			isa = XCConfigurationList;
			buildConfigurations = (
				A174831B2A51017100978F0A /* Debug */,
				A174831C2A51017100978F0A /* Release */,
			);
			defaultConfigurationIsVisible = 0;
			defaultConfigurationName = Release;
		};
		A174831D2A51017100978F0A /* Build configuration list for PBXNativeTarget "Pheonix" */ = {
			isa = XCConfigurationList;
			buildConfigurations = (
				A174831E2A51017100978F0A /* Debug */,
				A174831F2A51017100978F0A /* Release */,
			);
			defaultConfigurationIsVisible = 0;
			defaultConfigurationName = Release;
		};
/* End XCConfigurationList section */
	};
	rootObject = A17483072A51016F00978F0A /* Project object */;
}
